// !$*UTF8*$!
{
	archiveVersion = 1;
	classes = {
	};
	objectVersion = 50;
	objects = {

/* Begin PBXBuildFile section */
		DA86E6AE24500CD100F1742F /* TestView.swift in Sources */ = {isa = PBXBuildFile; fileRef = DA86E6AD24500CD100F1742F /* TestView.swift */; };
		DAB93F27247B6EFD00E33335 /* Model.swift in Sources */ = {isa = PBXBuildFile; fileRef = DAB93F26247B6EFD00E33335 /* Model.swift */; };
		DAD82CC4244FFBE4008DE737 /* AppDelegate.swift in Sources */ = {isa = PBXBuildFile; fileRef = DAD82CC3244FFBE4008DE737 /* AppDelegate.swift */; };
		DAD82CC6244FFBE4008DE737 /* SceneDelegate.swift in Sources */ = {isa = PBXBuildFile; fileRef = DAD82CC5244FFBE4008DE737 /* SceneDelegate.swift */; };
		DAD82CC8244FFBE4008DE737 /* ViewController.swift in Sources */ = {isa = PBXBuildFile; fileRef = DAD82CC7244FFBE4008DE737 /* ViewController.swift */; };
		DAD82CCB244FFBE4008DE737 /* Main.storyboard in Resources */ = {isa = PBXBuildFile; fileRef = DAD82CC9244FFBE4008DE737 /* Main.storyboard */; };
		DAD82CCD244FFBE5008DE737 /* Assets.xcassets in Resources */ = {isa = PBXBuildFile; fileRef = DAD82CCC244FFBE5008DE737 /* Assets.xcassets */; };
		DAD82CD0244FFBE5008DE737 /* LaunchScreen.storyboard in Resources */ = {isa = PBXBuildFile; fileRef = DAD82CCE244FFBE5008DE737 /* LaunchScreen.storyboard */; };
		DAF89CFA247BC73900847111 /* CFView.swift in Sources */ = {isa = PBXBuildFile; fileRef = DAF89CF9247BC73900847111 /* CFView.swift */; };
		DAF89CFD247BC74C00847111 /* OneViewController.swift in Sources */ = {isa = PBXBuildFile; fileRef = DAF89CFB247BC74C00847111 /* OneViewController.swift */; };
		DAF89CFE247BC74C00847111 /* OneViewController.xib in Resources */ = {isa = PBXBuildFile; fileRef = DAF89CFC247BC74C00847111 /* OneViewController.xib */; };
		DAF89D03247BC77E00847111 /* CFModel.swift in Sources */ = {isa = PBXBuildFile; fileRef = DAF89D02247BC77E00847111 /* CFModel.swift */; };
		DAF89D06247BE4FC00847111 /* ViewController2.swift in Sources */ = {isa = PBXBuildFile; fileRef = DAF89D04247BE4FC00847111 /* ViewController2.swift */; };
		DAF89D07247BE4FC00847111 /* ViewController2.xib in Resources */ = {isa = PBXBuildFile; fileRef = DAF89D05247BE4FC00847111 /* ViewController2.xib */; };
		DAF89D0A247BE89200847111 /* DataTableViewCell.swift in Sources */ = {isa = PBXBuildFile; fileRef = DAF89D08247BE89200847111 /* DataTableViewCell.swift */; };
		DAF89D0B247BE89200847111 /* DataTableViewCell.xib in Resources */ = {isa = PBXBuildFile; fileRef = DAF89D09247BE89200847111 /* DataTableViewCell.xib */; };
		DAF89D10247BEA8800847111 /* SubmitViewController.swift in Sources */ = {isa = PBXBuildFile; fileRef = DAF89D0E247BEA8800847111 /* SubmitViewController.swift */; };
		DAF89D11247BEA8800847111 /* SubmitViewController.xib in Resources */ = {isa = PBXBuildFile; fileRef = DAF89D0F247BEA8800847111 /* SubmitViewController.xib */; };
		DAF89D13247BEBF600847111 /* CFModel2.swift in Sources */ = {isa = PBXBuildFile; fileRef = DAF89D12247BEBF600847111 /* CFModel2.swift */; };
		DAF89D15247BECAD00847111 /* CFView2.swift in Sources */ = {isa = PBXBuildFile; fileRef = DAF89D14247BECAD00847111 /* CFView2.swift */; };
		DAF89D17247BECBC00847111 /* CFView3.swift in Sources */ = {isa = PBXBuildFile; fileRef = DAF89D16247BECBC00847111 /* CFView3.swift */; };
		DAF89D19247BEDA700847111 /* CFSwitch.swift in Sources */ = {isa = PBXBuildFile; fileRef = DAF89D18247BEDA700847111 /* CFSwitch.swift */; };
/* End PBXBuildFile section */

/* Begin PBXFileReference section */
		DA86E6AD24500CD100F1742F /* TestView.swift */ = {isa = PBXFileReference; lastKnownFileType = sourcecode.swift; path = TestView.swift; sourceTree = "<group>"; };
		DAB93F26247B6EFD00E33335 /* Model.swift */ = {isa = PBXFileReference; lastKnownFileType = sourcecode.swift; path = Model.swift; sourceTree = "<group>"; };
		DAD82CC0244FFBE4008DE737 /* confusionExample.app */ = {isa = PBXFileReference; explicitFileType = wrapper.application; includeInIndex = 0; path = confusionExample.app; sourceTree = BUILT_PRODUCTS_DIR; };
		DAD82CC3244FFBE4008DE737 /* AppDelegate.swift */ = {isa = PBXFileReference; lastKnownFileType = sourcecode.swift; path = AppDelegate.swift; sourceTree = "<group>"; };
		DAD82CC5244FFBE4008DE737 /* SceneDelegate.swift */ = {isa = PBXFileReference; lastKnownFileType = sourcecode.swift; path = SceneDelegate.swift; sourceTree = "<group>"; };
		DAD82CC7244FFBE4008DE737 /* ViewController.swift */ = {isa = PBXFileReference; lastKnownFileType = sourcecode.swift; path = ViewController.swift; sourceTree = "<group>"; };
		DAD82CCA244FFBE4008DE737 /* Base */ = {isa = PBXFileReference; lastKnownFileType = file.storyboard; name = Base; path = Base.lproj/Main.storyboard; sourceTree = "<group>"; };
		DAD82CCC244FFBE5008DE737 /* Assets.xcassets */ = {isa = PBXFileReference; lastKnownFileType = folder.assetcatalog; path = Assets.xcassets; sourceTree = "<group>"; };
		DAD82CCF244FFBE5008DE737 /* Base */ = {isa = PBXFileReference; lastKnownFileType = file.storyboard; name = Base; path = Base.lproj/LaunchScreen.storyboard; sourceTree = "<group>"; };
		DAD82CD1244FFBE5008DE737 /* Info.plist */ = {isa = PBXFileReference; lastKnownFileType = text.plist.xml; path = Info.plist; sourceTree = "<group>"; };
		DAF89CF9247BC73900847111 /* CFView.swift */ = {isa = PBXFileReference; lastKnownFileType = sourcecode.swift; path = CFView.swift; sourceTree = "<group>"; };
		DAF89CFB247BC74C00847111 /* OneViewController.swift */ = {isa = PBXFileReference; lastKnownFileType = sourcecode.swift; path = OneViewController.swift; sourceTree = "<group>"; };
		DAF89CFC247BC74C00847111 /* OneViewController.xib */ = {isa = PBXFileReference; lastKnownFileType = file.xib; path = OneViewController.xib; sourceTree = "<group>"; };
		DAF89D02247BC77E00847111 /* CFModel.swift */ = {isa = PBXFileReference; lastKnownFileType = sourcecode.swift; path = CFModel.swift; sourceTree = "<group>"; };
		DAF89D04247BE4FC00847111 /* ViewController2.swift */ = {isa = PBXFileReference; lastKnownFileType = sourcecode.swift; path = ViewController2.swift; sourceTree = "<group>"; };
		DAF89D05247BE4FC00847111 /* ViewController2.xib */ = {isa = PBXFileReference; lastKnownFileType = file.xib; path = ViewController2.xib; sourceTree = "<group>"; };
		DAF89D08247BE89200847111 /* DataTableViewCell.swift */ = {isa = PBXFileReference; lastKnownFileType = sourcecode.swift; path = DataTableViewCell.swift; sourceTree = "<group>"; };
		DAF89D09247BE89200847111 /* DataTableViewCell.xib */ = {isa = PBXFileReference; lastKnownFileType = file.xib; path = DataTableViewCell.xib; sourceTree = "<group>"; };
		DAF89D0E247BEA8800847111 /* SubmitViewController.swift */ = {isa = PBXFileReference; lastKnownFileType = sourcecode.swift; path = SubmitViewController.swift; sourceTree = "<group>"; };
		DAF89D0F247BEA8800847111 /* SubmitViewController.xib */ = {isa = PBXFileReference; lastKnownFileType = file.xib; path = SubmitViewController.xib; sourceTree = "<group>"; };
		DAF89D12247BEBF600847111 /* CFModel2.swift */ = {isa = PBXFileReference; lastKnownFileType = sourcecode.swift; path = CFModel2.swift; sourceTree = "<group>"; };
		DAF89D14247BECAD00847111 /* CFView2.swift */ = {isa = PBXFileReference; lastKnownFileType = sourcecode.swift; path = CFView2.swift; sourceTree = "<group>"; };
		DAF89D16247BECBC00847111 /* CFView3.swift */ = {isa = PBXFileReference; lastKnownFileType = sourcecode.swift; path = CFView3.swift; sourceTree = "<group>"; };
		DAF89D18247BEDA700847111 /* CFSwitch.swift */ = {isa = PBXFileReference; lastKnownFileType = sourcecode.swift; path = CFSwitch.swift; sourceTree = "<group>"; };
/* End PBXFileReference section */

/* Begin PBXFrameworksBuildPhase section */
		DAD82CBD244FFBE4008DE737 /* Frameworks */ = {
			isa = PBXFrameworksBuildPhase;
			buildActionMask = 2147483647;
			files = (
			);
			runOnlyForDeploymentPostprocessing = 0;
		};
/* End PBXFrameworksBuildPhase section */

/* Begin PBXGroup section */
		DAD82CB7244FFBE4008DE737 = {
			isa = PBXGroup;
			children = (
				DAD82CC2244FFBE4008DE737 /* confusionExample */,
				DAD82CC1244FFBE4008DE737 /* Products */,
			);
			sourceTree = "<group>";
		};
		DAD82CC1244FFBE4008DE737 /* Products */ = {
			isa = PBXGroup;
			children = (
				DAD82CC0244FFBE4008DE737 /* confusionExample.app */,
			);
			name = Products;
			sourceTree = "<group>";
		};
		DAD82CC2244FFBE4008DE737 /* confusionExample */ = {
			isa = PBXGroup;
			children = (
				DAF89CF8247BC6F500847111 /* CFeCode */,
				DAD82CC3244FFBE4008DE737 /* AppDelegate.swift */,
				DAD82CC5244FFBE4008DE737 /* SceneDelegate.swift */,
				DAD82CC7244FFBE4008DE737 /* ViewController.swift */,
				DAD82CC9244FFBE4008DE737 /* Main.storyboard */,
				DAD82CCC244FFBE5008DE737 /* Assets.xcassets */,
				DAD82CCE244FFBE5008DE737 /* LaunchScreen.storyboard */,
				DAD82CD1244FFBE5008DE737 /* Info.plist */,
				DA86E6AD24500CD100F1742F /* TestView.swift */,
				DAB93F26247B6EFD00E33335 /* Model.swift */,
			);
			path = confusionExample;
			sourceTree = "<group>";
		};
		DAF89CF8247BC6F500847111 /* CFeCode */ = {
			isa = PBXGroup;
			children = (
				DAF89D01247BC76800847111 /* Model */,
				DAF89D00247BC75600847111 /* ViewControllers */,
				DAF89CFF247BC75000847111 /* Views */,
			);
			path = CFeCode;
			sourceTree = "<group>";
		};
		DAF89CFF247BC75000847111 /* Views */ = {
			isa = PBXGroup;
			children = (
				DAF89CF9247BC73900847111 /* CFView.swift */,
				DAF89D14247BECAD00847111 /* CFView2.swift */,
				DAF89D16247BECBC00847111 /* CFView3.swift */,
				DAF89D18247BEDA700847111 /* CFSwitch.swift */,
			);
			path = Views;
			sourceTree = "<group>";
		};
		DAF89D00247BC75600847111 /* ViewControllers */ = {
			isa = PBXGroup;
			children = (
				DAF89CFC247BC74C00847111 /* OneViewController.xib */,
				DAF89CFB247BC74C00847111 /* OneViewController.swift */,
				DAF89D04247BE4FC00847111 /* ViewController2.swift */,
				DAF89D05247BE4FC00847111 /* ViewController2.xib */,
				DAF89D08247BE89200847111 /* DataTableViewCell.swift */,
				DAF89D09247BE89200847111 /* DataTableViewCell.xib */,
				DAF89D0E247BEA8800847111 /* SubmitViewController.swift */,
				DAF89D0F247BEA8800847111 /* SubmitViewController.xib */,
			);
			path = ViewControllers;
			sourceTree = "<group>";
		};
		DAF89D01247BC76800847111 /* Model */ = {
			isa = PBXGroup;
			children = (
				DAF89D02247BC77E00847111 /* CFModel.swift */,
				DAF89D12247BEBF600847111 /* CFModel2.swift */,
			);
			path = Model;
			sourceTree = "<group>";
		};
/* End PBXGroup section */

/* Begin PBXNativeTarget section */
		DAD82CBF244FFBE4008DE737 /* confusionExample */ = {
			isa = PBXNativeTarget;
			buildConfigurationList = DAD82CD4244FFBE5008DE737 /* Build configuration list for PBXNativeTarget "confusionExample" */;
			buildPhases = (
				DAD82CBC244FFBE4008DE737 /* Sources */,
				DAD82CBD244FFBE4008DE737 /* Frameworks */,
				DAD82CBE244FFBE4008DE737 /* Resources */,
			);
			buildRules = (
			);
			dependencies = (
			);
			name = confusionExample;
			productName = confusionExample;
			productReference = DAD82CC0244FFBE4008DE737 /* confusionExample.app */;
			productType = "com.apple.product-type.application";
		};
/* End PBXNativeTarget section */

/* Begin PBXProject section */
		DAD82CB8244FFBE4008DE737 /* Project object */ = {
			isa = PBXProject;
			attributes = {
				LastSwiftUpdateCheck = 1140;
				LastUpgradeCheck = 1140;
				ORGANIZATIONNAME = bairdweng;
				TargetAttributes = {
					DAD82CBF244FFBE4008DE737 = {
						CreatedOnToolsVersion = 11.4.1;
					};
				};
			};
			buildConfigurationList = DAD82CBB244FFBE4008DE737 /* Build configuration list for PBXProject "confusionExample" */;
			compatibilityVersion = "Xcode 9.3";
			developmentRegion = en;
			hasScannedForEncodings = 0;
			knownRegions = (
				en,
				Base,
			);
			mainGroup = DAD82CB7244FFBE4008DE737;
			productRefGroup = DAD82CC1244FFBE4008DE737 /* Products */;
			projectDirPath = "";
			projectRoot = "";
			targets = (
				DAD82CBF244FFBE4008DE737 /* confusionExample */,
			);
		};
/* End PBXProject section */

/* Begin PBXResourcesBuildPhase section */
		DAD82CBE244FFBE4008DE737 /* Resources */ = {
			isa = PBXResourcesBuildPhase;
			buildActionMask = 2147483647;
			files = (
				DAF89D07247BE4FC00847111 /* ViewController2.xib in Resources */,
				DAF89D0B247BE89200847111 /* DataTableViewCell.xib in Resources */,
				DAF89D11247BEA8800847111 /* SubmitViewController.xib in Resources */,
				DAD82CD0244FFBE5008DE737 /* LaunchScreen.storyboard in Resources */,
				DAD82CCD244FFBE5008DE737 /* Assets.xcassets in Resources */,
				DAD82CCB244FFBE4008DE737 /* Main.storyboard in Resources */,
				DAF89CFE247BC74C00847111 /* OneViewController.xib in Resources */,
			);
			runOnlyForDeploymentPostprocessing = 0;
		};
/* End PBXResourcesBuildPhase section */

/* Begin PBXSourcesBuildPhase section */
		DAD82CBC244FFBE4008DE737 /* Sources */ = {
			isa = PBXSourcesBuildPhase;
			buildActionMask = 2147483647;
			files = (
				DAB93F27247B6EFD00E33335 /* Model.swift in Sources */,
				DAF89D13247BEBF600847111 /* CFModel2.swift in Sources */,
				DAF89CFA247BC73900847111 /* CFView.swift in Sources */,
				DAF89D15247BECAD00847111 /* CFView2.swift in Sources */,
				DAF89D06247BE4FC00847111 /* ViewController2.swift in Sources */,
				DAF89D17247BECBC00847111 /* CFView3.swift in Sources */,
				DAF89D03247BC77E00847111 /* CFModel.swift in Sources */,
				DA86E6AE24500CD100F1742F /* TestView.swift in Sources */,
				DAD82CC8244FFBE4008DE737 /* ViewController.swift in Sources */,
				DAD82CC4244FFBE4008DE737 /* AppDelegate.swift in Sources */,
				DAF89D0A247BE89200847111 /* DataTableViewCell.swift in Sources */,
				DAF89D10247BEA8800847111 /* SubmitViewController.swift in Sources */,
				DAF89CFD247BC74C00847111 /* OneViewController.swift in Sources */,
				DAF89D19247BEDA700847111 /* CFSwitch.swift in Sources */,
				DAD82CC6244FFBE4008DE737 /* SceneDelegate.swift in Sources */,
			);
			runOnlyForDeploymentPostprocessing = 0;
		};
/* End PBXSourcesBuildPhase section */

/* Begin PBXVariantGroup section */
		DAD82CC9244FFBE4008DE737 /* Main.storyboard */ = {
			isa = PBXVariantGroup;
			children = (
				DAD82CCA244FFBE4008DE737 /* Base */,
			);
			name = Main.storyboard;
			sourceTree = "<group>";
		};
		DAD82CCE244FFBE5008DE737 /* LaunchScreen.storyboard */ = {
			isa = PBXVariantGroup;
			children = (
				DAD82CCF244FFBE5008DE737 /* Base */,
			);
			name = LaunchScreen.storyboard;
			sourceTree = "<group>";
		};
/* End PBXVariantGroup section */

/* Begin XCBuildConfiguration section */
		DAD82CD2244FFBE5008DE737 /* Debug */ = {
			isa = XCBuildConfiguration;
			buildSettings = {
				ALWAYS_SEARCH_USER_PATHS = NO;
				CLANG_ANALYZER_NONNULL = YES;
				CLANG_ANALYZER_NUMBER_OBJECT_CONVERSION = YES_AGGRESSIVE;
				CLANG_CXX_LANGUAGE_STANDARD = "gnu++14";
				CLANG_CXX_LIBRARY = "libc++";
				CLANG_ENABLE_MODULES = YES;
				CLANG_ENABLE_OBJC_ARC = YES;
				CLANG_ENABLE_OBJC_WEAK = YES;
				CLANG_WARN_BLOCK_CAPTURE_AUTORELEASING = YES;
				CLANG_WARN_BOOL_CONVERSION = YES;
				CLANG_WARN_COMMA = YES;
				CLANG_WARN_CONSTANT_CONVERSION = YES;
				CLANG_WARN_DEPRECATED_OBJC_IMPLEMENTATIONS = YES;
				CLANG_WARN_DIRECT_OBJC_ISA_USAGE = YES_ERROR;
				CLANG_WARN_DOCUMENTATION_COMMENTS = YES;
				CLANG_WARN_EMPTY_BODY = YES;
				CLANG_WARN_ENUM_CONVERSION = YES;
				CLANG_WARN_INFINITE_RECURSION = YES;
				CLANG_WARN_INT_CONVERSION = YES;
				CLANG_WARN_NON_LITERAL_NULL_CONVERSION = YES;
				CLANG_WARN_OBJC_IMPLICIT_RETAIN_SELF = YES;
				CLANG_WARN_OBJC_LITERAL_CONVERSION = YES;
				CLANG_WARN_OBJC_ROOT_CLASS = YES_ERROR;
				CLANG_WARN_RANGE_LOOP_ANALYSIS = YES;
				CLANG_WARN_STRICT_PROTOTYPES = YES;
				CLANG_WARN_SUSPICIOUS_MOVE = YES;
				CLANG_WARN_UNGUARDED_AVAILABILITY = YES_AGGRESSIVE;
				CLANG_WARN_UNREACHABLE_CODE = YES;
				CLANG_WARN__DUPLICATE_METHOD_MATCH = YES;
				COPY_PHASE_STRIP = NO;
				DEBUG_INFORMATION_FORMAT = dwarf;
				ENABLE_STRICT_OBJC_MSGSEND = YES;
				ENABLE_TESTABILITY = YES;
				GCC_C_LANGUAGE_STANDARD = gnu11;
				GCC_DYNAMIC_NO_PIC = NO;
				GCC_NO_COMMON_BLOCKS = YES;
				GCC_OPTIMIZATION_LEVEL = 0;
				GCC_PREPROCESSOR_DEFINITIONS = (
					"DEBUG=1",
					"$(inherited)",
				);
				GCC_WARN_64_TO_32_BIT_CONVERSION = YES;
				GCC_WARN_ABOUT_RETURN_TYPE = YES_ERROR;
				GCC_WARN_UNDECLARED_SELECTOR = YES;
				GCC_WARN_UNINITIALIZED_AUTOS = YES_AGGRESSIVE;
				GCC_WARN_UNUSED_FUNCTION = YES;
				GCC_WARN_UNUSED_VARIABLE = YES;
				IPHONEOS_DEPLOYMENT_TARGET = 13.4;
				MTL_ENABLE_DEBUG_INFO = INCLUDE_SOURCE;
				MTL_FAST_MATH = YES;
				ONLY_ACTIVE_ARCH = YES;
				SDKROOT = iphoneos;
				SWIFT_ACTIVE_COMPILATION_CONDITIONS = DEBUG;
				SWIFT_OPTIMIZATION_LEVEL = "-Onone";
			};
			name = Debug;
		};
		DAD82CD3244FFBE5008DE737 /* Release */ = {
			isa = XCBuildConfiguration;
			buildSettings = {
				ALWAYS_SEARCH_USER_PATHS = NO;
				CLANG_ANALYZER_NONNULL = YES;
				CLANG_ANALYZER_NUMBER_OBJECT_CONVERSION = YES_AGGRESSIVE;
				CLANG_CXX_LANGUAGE_STANDARD = "gnu++14";
				CLANG_CXX_LIBRARY = "libc++";
				CLANG_ENABLE_MODULES = YES;
				CLANG_ENABLE_OBJC_ARC = YES;
				CLANG_ENABLE_OBJC_WEAK = YES;
				CLANG_WARN_BLOCK_CAPTURE_AUTORELEASING = YES;
				CLANG_WARN_BOOL_CONVERSION = YES;
				CLANG_WARN_COMMA = YES;
				CLANG_WARN_CONSTANT_CONVERSION = YES;
				CLANG_WARN_DEPRECATED_OBJC_IMPLEMENTATIONS = YES;
				CLANG_WARN_DIRECT_OBJC_ISA_USAGE = YES_ERROR;
				CLANG_WARN_DOCUMENTATION_COMMENTS = YES;
				CLANG_WARN_EMPTY_BODY = YES;
				CLANG_WARN_ENUM_CONVERSION = YES;
				CLANG_WARN_INFINITE_RECURSION = YES;
				CLANG_WARN_INT_CONVERSION = YES;
				CLANG_WARN_NON_LITERAL_NULL_CONVERSION = YES;
				CLANG_WARN_OBJC_IMPLICIT_RETAIN_SELF = YES;
				CLANG_WARN_OBJC_LITERAL_CONVERSION = YES;
				CLANG_WARN_OBJC_ROOT_CLASS = YES_ERROR;
				CLANG_WARN_RANGE_LOOP_ANALYSIS = YES;
				CLANG_WARN_STRICT_PROTOTYPES = YES;
				CLANG_WARN_SUSPICIOUS_MOVE = YES;
				CLANG_WARN_UNGUARDED_AVAILABILITY = YES_AGGRESSIVE;
				CLANG_WARN_UNREACHABLE_CODE = YES;
				CLANG_WARN__DUPLICATE_METHOD_MATCH = YES;
				COPY_PHASE_STRIP = NO;
				DEBUG_INFORMATION_FORMAT = "dwarf-with-dsym";
				ENABLE_NS_ASSERTIONS = NO;
				ENABLE_STRICT_OBJC_MSGSEND = YES;
				GCC_C_LANGUAGE_STANDARD = gnu11;
				GCC_NO_COMMON_BLOCKS = YES;
				GCC_WARN_64_TO_32_BIT_CONVERSION = YES;
				GCC_WARN_ABOUT_RETURN_TYPE = YES_ERROR;
				GCC_WARN_UNDECLARED_SELECTOR = YES;
				GCC_WARN_UNINITIALIZED_AUTOS = YES_AGGRESSIVE;
				GCC_WARN_UNUSED_FUNCTION = YES;
				GCC_WARN_UNUSED_VARIABLE = YES;
				IPHONEOS_DEPLOYMENT_TARGET = 13.4;
				MTL_ENABLE_DEBUG_INFO = NO;
				MTL_FAST_MATH = YES;
				SDKROOT = iphoneos;
				SWIFT_COMPILATION_MODE = wholemodule;
				SWIFT_OPTIMIZATION_LEVEL = "-O";
				VALIDATE_PRODUCT = YES;
			};
			name = Release;
		};
		DAD82CD5244FFBE5008DE737 /* Debug */ = {
			isa = XCBuildConfiguration;
			buildSettings = {
				ASSETCATALOG_COMPILER_APPICON_NAME = AppIcon;
				CODE_SIGN_STYLE = Automatic;
				INFOPLIST_FILE = confusionExample/Info.plist;
				LD_RUNPATH_SEARCH_PATHS = (
					"$(inherited)",
					"@executable_path/Frameworks",
				);
				PRODUCT_BUNDLE_IDENTIFIER = my.confusionExample;
				PRODUCT_NAME = "$(TARGET_NAME)";
				SWIFT_VERSION = 5.0;
				TARGETED_DEVICE_FAMILY = "1,2";
			};
			name = Debug;
		};
		DAD82CD6244FFBE5008DE737 /* Release */ = {
			isa = XCBuildConfiguration;
			buildSettings = {
				ASSETCATALOG_COMPILER_APPICON_NAME = AppIcon;
				CODE_SIGN_STYLE = Automatic;
				INFOPLIST_FILE = confusionExample/Info.plist;
				LD_RUNPATH_SEARCH_PATHS = (
					"$(inherited)",
					"@executable_path/Frameworks",
				);
				PRODUCT_BUNDLE_IDENTIFIER = my.confusionExample;
				PRODUCT_NAME = "$(TARGET_NAME)";
				SWIFT_VERSION = 5.0;
				TARGETED_DEVICE_FAMILY = "1,2";
			};
			name = Release;
		};
/* End XCBuildConfiguration section */

/* Begin XCConfigurationList section */
		DAD82CBB244FFBE4008DE737 /* Build configuration list for PBXProject "confusionExample" */ = {
			isa = XCConfigurationList;
			buildConfigurations = (
				DAD82CD2244FFBE5008DE737 /* Debug */,
				DAD82CD3244FFBE5008DE737 /* Release */,
			);
			defaultConfigurationIsVisible = 0;
			defaultConfigurationName = Release;
		};
		DAD82CD4244FFBE5008DE737 /* Build configuration list for PBXNativeTarget "confusionExample" */ = {
			isa = XCConfigurationList;
			buildConfigurations = (
				DAD82CD5244FFBE5008DE737 /* Debug */,
				DAD82CD6244FFBE5008DE737 /* Release */,
			);
			defaultConfigurationIsVisible = 0;
			defaultConfigurationName = Release;
		};
/* End XCConfigurationList section */
	};
	rootObject = DAD82CB8244FFBE4008DE737 /* Project object */;
}
